
Microsoft Visual Studio Solution File, Format Version 12.00
# Visual Studio 15
VisualStudioVersion = 15.0.28307.705
MinimumVisualStudioVersion = 10.0.40219.1
Project("{FAE04EC0-301F-11D3-BF4B-00C04F79EFBC}") = "UPCMonitor", "UPCMonitor\UPCMonitor.csproj", "{846904C0-BC26-483A-AAC3-7E6536465947}"
EndProject
Global
	GlobalSection(SolutionConfigurationPlatforms) = preSolution
		Debug|Any CPU = Debug|Any CPU
		Release|Any CPU = Release|Any CPU
	EndGlobalSection
	GlobalSection(ProjectConfigurationPlatforms) = postSolution
		{846904C0-BC26-483A-AAC3-7E6536465947}.Debug|Any CPU.ActiveCfg = Debug|Any CPU
		{846904C0-BC26-483A-AAC3-7E6536465947}.Debug|Any CPU.Build.0 = Debug|Any CPU
		{846904C0-BC26-483A-AAC3-7E6536465947}.Release|Any CPU.ActiveCfg = Release|Any CPU
		{846904C0-BC26-483A-AAC3-7E6536465947}.Release|Any CPU.Build.0 = Release|Any CPU
	EndGlobalSection
	GlobalSection(SolutionProperties) = preSolution
		HideSolutionNode = FALSE
	EndGlobalSection
	GlobalSection(ExtensibilityGlobals) = postSolution
		SolutionGuid = {A010D1A7-1503-4830-9EAA-3281A085D567}
	EndGlobalSection
EndGlobal
